// !$*UTF8*$!
{
	archiveVersion = 1;
	classes = {
	};
	objectVersion = 46;
	objects = {

/* Begin PBXBuildFile section */
		D30887BE1A87447800B4C8A1 /* AwesomeFloatingToolbar.m in Sources */ = {isa = PBXBuildFile; fileRef = D30887BD1A87447800B4C8A1 /* AwesomeFloatingToolbar.m */; };
		D3B78F781A8255B2008EBD5D /* main.m in Sources */ = {isa = PBXBuildFile; fileRef = D3B78F771A8255B2008EBD5D /* main.m */; };
		D3B78F7B1A8255B2008EBD5D /* AppDelegate.m in Sources */ = {isa = PBXBuildFile; fileRef = D3B78F7A1A8255B2008EBD5D /* AppDelegate.m */; };
		D3B78F7E1A8255B2008EBD5D /* ViewController.m in Sources */ = {isa = PBXBuildFile; fileRef = D3B78F7D1A8255B2008EBD5D /* ViewController.m */; };
		D3B78F831A8255B2008EBD5D /* Images.xcassets in Resources */ = {isa = PBXBuildFile; fileRef = D3B78F821A8255B2008EBD5D /* Images.xcassets */; };
		D3B78F861A8255B2008EBD5D /* LaunchScreen.xib in Resources */ = {isa = PBXBuildFile; fileRef = D3B78F841A8255B2008EBD5D /* LaunchScreen.xib */; };
		D3B78F921A8255B2008EBD5D /* BlocBrowserTests.m in Sources */ = {isa = PBXBuildFile; fileRef = D3B78F911A8255B2008EBD5D /* BlocBrowserTests.m */; };
/* End PBXBuildFile section */

/* Begin PBXContainerItemProxy section */
		D3B78F8C1A8255B2008EBD5D /* PBXContainerItemProxy */ = {
			isa = PBXContainerItemProxy;
			containerPortal = D3B78F6A1A8255B2008EBD5D /* Project object */;
			proxyType = 1;
			remoteGlobalIDString = D3B78F711A8255B2008EBD5D;
			remoteInfo = BlocBrowser;
		};
/* End PBXContainerItemProxy section */

/* Begin PBXFileReference section */
		D30887BC1A87447800B4C8A1 /* AwesomeFloatingToolbar.h */ = {isa = PBXFileReference; fileEncoding = 4; lastKnownFileType = sourcecode.c.h; path = AwesomeFloatingToolbar.h; sourceTree = "<group>"; };
		D30887BD1A87447800B4C8A1 /* AwesomeFloatingToolbar.m */ = {isa = PBXFileReference; fileEncoding = 4; lastKnownFileType = sourcecode.c.objc; path = AwesomeFloatingToolbar.m; sourceTree = "<group>"; };
		D3B78F721A8255B2008EBD5D /* BlocBrowser.app */ = {isa = PBXFileReference; explicitFileType = wrapper.application; includeInIndex = 0; path = BlocBrowser.app; sourceTree = BUILT_PRODUCTS_DIR; };
		D3B78F761A8255B2008EBD5D /* Info.plist */ = {isa = PBXFileReference; lastKnownFileType = text.plist.xml; path = Info.plist; sourceTree = "<group>"; };
		D3B78F771A8255B2008EBD5D /* main.m */ = {isa = PBXFileReference; lastKnownFileType = sourcecode.c.objc; path = main.m; sourceTree = "<group>"; };
		D3B78F791A8255B2008EBD5D /* AppDelegate.h */ = {isa = PBXFileReference; lastKnownFileType = sourcecode.c.h; path = AppDelegate.h; sourceTree = "<group>"; };
		D3B78F7A1A8255B2008EBD5D /* AppDelegate.m */ = {isa = PBXFileReference; lastKnownFileType = sourcecode.c.objc; path = AppDelegate.m; sourceTree = "<group>"; };
		D3B78F7C1A8255B2008EBD5D /* ViewController.h */ = {isa = PBXFileReference; lastKnownFileType = sourcecode.c.h; path = ViewController.h; sourceTree = "<group>"; };
		D3B78F7D1A8255B2008EBD5D /* ViewController.m */ = {isa = PBXFileReference; lastKnownFileType = sourcecode.c.objc; path = ViewController.m; sourceTree = "<group>"; };
		D3B78F821A8255B2008EBD5D /* Images.xcassets */ = {isa = PBXFileReference; lastKnownFileType = folder.assetcatalog; path = Images.xcassets; sourceTree = "<group>"; };
		D3B78F851A8255B2008EBD5D /* Base */ = {isa = PBXFileReference; lastKnownFileType = file.xib; name = Base; path = Base.lproj/LaunchScreen.xib; sourceTree = "<group>"; };
		D3B78F8B1A8255B2008EBD5D /* BlocBrowserTests.xctest */ = {isa = PBXFileReference; explicitFileType = wrapper.cfbundle; includeInIndex = 0; path = BlocBrowserTests.xctest; sourceTree = BUILT_PRODUCTS_DIR; };
		D3B78F901A8255B2008EBD5D /* Info.plist */ = {isa = PBXFileReference; lastKnownFileType = text.plist.xml; path = Info.plist; sourceTree = "<group>"; };
		D3B78F911A8255B2008EBD5D /* BlocBrowserTests.m */ = {isa = PBXFileReference; lastKnownFileType = sourcecode.c.objc; path = BlocBrowserTests.m; sourceTree = "<group>"; };
/* End PBXFileReference section */

/* Begin PBXFrameworksBuildPhase section */
		D3B78F6F1A8255B2008EBD5D /* Frameworks */ = {
			isa = PBXFrameworksBuildPhase;
			buildActionMask = 2147483647;
			files = (
			);
			runOnlyForDeploymentPostprocessing = 0;
		};
		D3B78F881A8255B2008EBD5D /* Frameworks */ = {
			isa = PBXFrameworksBuildPhase;
			buildActionMask = 2147483647;
			files = (
			);
			runOnlyForDeploymentPostprocessing = 0;
		};
/* End PBXFrameworksBuildPhase section */

/* Begin PBXGroup section */
		D3B78F691A8255B2008EBD5D = {
			isa = PBXGroup;
			children = (
				D3B78F741A8255B2008EBD5D /* BlocBrowser */,
				D3B78F8E1A8255B2008EBD5D /* BlocBrowserTests */,
				D3B78F731A8255B2008EBD5D /* Products */,
			);
			sourceTree = "<group>";
		};
		D3B78F731A8255B2008EBD5D /* Products */ = {
			isa = PBXGroup;
			children = (
				D3B78F721A8255B2008EBD5D /* BlocBrowser.app */,
				D3B78F8B1A8255B2008EBD5D /* BlocBrowserTests.xctest */,
			);
			name = Products;
			sourceTree = "<group>";
		};
		D3B78F741A8255B2008EBD5D /* BlocBrowser */ = {
			isa = PBXGroup;
			children = (
				D3B78F791A8255B2008EBD5D /* AppDelegate.h */,
				D3B78F7A1A8255B2008EBD5D /* AppDelegate.m */,
				D30887BC1A87447800B4C8A1 /* AwesomeFloatingToolbar.h */,
				D30887BD1A87447800B4C8A1 /* AwesomeFloatingToolbar.m */,
				D3B78F7C1A8255B2008EBD5D /* ViewController.h */,
				D3B78F7D1A8255B2008EBD5D /* ViewController.m */,
				D3B78F821A8255B2008EBD5D /* Images.xcassets */,
				D3B78F841A8255B2008EBD5D /* LaunchScreen.xib */,
				D3B78F751A8255B2008EBD5D /* Supporting Files */,
			);
			path = BlocBrowser;
			sourceTree = "<group>";
		};
		D3B78F751A8255B2008EBD5D /* Supporting Files */ = {
			isa = PBXGroup;
			children = (
				D3B78F761A8255B2008EBD5D /* Info.plist */,
				D3B78F771A8255B2008EBD5D /* main.m */,
			);
			name = "Supporting Files";
			sourceTree = "<group>";
		};
		D3B78F8E1A8255B2008EBD5D /* BlocBrowserTests */ = {
			isa = PBXGroup;
			children = (
				D3B78F911A8255B2008EBD5D /* BlocBrowserTests.m */,
				D3B78F8F1A8255B2008EBD5D /* Supporting Files */,
			);
			path = BlocBrowserTests;
			sourceTree = "<group>";
		};
		D3B78F8F1A8255B2008EBD5D /* Supporting Files */ = {
			isa = PBXGroup;
			children = (
				D3B78F901A8255B2008EBD5D /* Info.plist */,
			);
			name = "Supporting Files";
			sourceTree = "<group>";
		};
/* End PBXGroup section */

/* Begin PBXNativeTarget section */
		D3B78F711A8255B2008EBD5D /* BlocBrowser */ = {
			isa = PBXNativeTarget;
			buildConfigurationList = D3B78F951A8255B2008EBD5D /* Build configuration list for PBXNativeTarget "BlocBrowser" */;
			buildPhases = (
				D3B78F6E1A8255B2008EBD5D /* Sources */,
				D3B78F6F1A8255B2008EBD5D /* Frameworks */,
				D3B78F701A8255B2008EBD5D /* Resources */,
			);
			buildRules = (
			);
			dependencies = (
			);
			name = BlocBrowser;
			productName = BlocBrowser;
			productReference = D3B78F721A8255B2008EBD5D /* BlocBrowser.app */;
			productType = "com.apple.product-type.application";
		};
		D3B78F8A1A8255B2008EBD5D /* BlocBrowserTests */ = {
			isa = PBXNativeTarget;
			buildConfigurationList = D3B78F981A8255B2008EBD5D /* Build configuration list for PBXNativeTarget "BlocBrowserTests" */;
			buildPhases = (
				D3B78F871A8255B2008EBD5D /* Sources */,
				D3B78F881A8255B2008EBD5D /* Frameworks */,
				D3B78F891A8255B2008EBD5D /* Resources */,
			);
			buildRules = (
			);
			dependencies = (
				D3B78F8D1A8255B2008EBD5D /* PBXTargetDependency */,
			);
			name = BlocBrowserTests;
			productName = BlocBrowserTests;
			productReference = D3B78F8B1A8255B2008EBD5D /* BlocBrowserTests.xctest */;
			productType = "com.apple.product-type.bundle.unit-test";
		};
/* End PBXNativeTarget section */

/* Begin PBXProject section */
		D3B78F6A1A8255B2008EBD5D /* Project object */ = {
			isa = PBXProject;
			attributes = {
				LastUpgradeCheck = 0610;
				ORGANIZATIONNAME = "Peter Scheyer";
				TargetAttributes = {
					D3B78F711A8255B2008EBD5D = {
						CreatedOnToolsVersion = 6.1.1;
					};
					D3B78F8A1A8255B2008EBD5D = {
						CreatedOnToolsVersion = 6.1.1;
						TestTargetID = D3B78F711A8255B2008EBD5D;
					};
				};
			};
			buildConfigurationList = D3B78F6D1A8255B2008EBD5D /* Build configuration list for PBXProject "BlocBrowser" */;
			compatibilityVersion = "Xcode 3.2";
			developmentRegion = English;
			hasScannedForEncodings = 0;
			knownRegions = (
				en,
				Base,
			);
			mainGroup = D3B78F691A8255B2008EBD5D;
			productRefGroup = D3B78F731A8255B2008EBD5D /* Products */;
			projectDirPath = "";
			projectRoot = "";
			targets = (
				D3B78F711A8255B2008EBD5D /* BlocBrowser */,
				D3B78F8A1A8255B2008EBD5D /* BlocBrowserTests */,
			);
		};
/* End PBXProject section */

/* Begin PBXResourcesBuildPhase section */
		D3B78F701A8255B2008EBD5D /* Resources */ = {
			isa = PBXResourcesBuildPhase;
			buildActionMask = 2147483647;
			files = (
				D3B78F861A8255B2008EBD5D /* LaunchScreen.xib in Resources */,
				D3B78F831A8255B2008EBD5D /* Images.xcassets in Resources */,
			);
			runOnlyForDeploymentPostprocessing = 0;
		};
		D3B78F891A8255B2008EBD5D /* Resources */ = {
			isa = PBXResourcesBuildPhase;
			buildActionMask = 2147483647;
			files = (
			);
			runOnlyForDeploymentPostprocessing = 0;
		};
/* End PBXResourcesBuildPhase section */

/* Begin PBXSourcesBuildPhase section */
		D3B78F6E1A8255B2008EBD5D /* Sources */ = {
			isa = PBXSourcesBuildPhase;
			buildActionMask = 2147483647;
			files = (
				D3B78F7E1A8255B2008EBD5D /* ViewController.m in Sources */,
				D3B78F7B1A8255B2008EBD5D /* AppDelegate.m in Sources */,
				D3B78F781A8255B2008EBD5D /* main.m in Sources */,
				D30887BE1A87447800B4C8A1 /* AwesomeFloatingToolbar.m in Sources */,
			);
			runOnlyForDeploymentPostprocessing = 0;
		};
		D3B78F871A8255B2008EBD5D /* Sources */ = {
			isa = PBXSourcesBuildPhase;
			buildActionMask = 2147483647;
			files = (
				D3B78F921A8255B2008EBD5D /* BlocBrowserTests.m in Sources */,
			);
			runOnlyForDeploymentPostprocessing = 0;
		};
/* End PBXSourcesBuildPhase section */

/* Begin PBXTargetDependency section */
		D3B78F8D1A8255B2008EBD5D /* PBXTargetDependency */ = {
			isa = PBXTargetDependency;
			target = D3B78F711A8255B2008EBD5D /* BlocBrowser */;
			targetProxy = D3B78F8C1A8255B2008EBD5D /* PBXContainerItemProxy */;
		};
/* End PBXTargetDependency section */

/* Begin PBXVariantGroup section */
		D3B78F841A8255B2008EBD5D /* LaunchScreen.xib */ = {
			isa = PBXVariantGroup;
			children = (
				D3B78F851A8255B2008EBD5D /* Base */,
			);
			name = LaunchScreen.xib;
			sourceTree = "<group>";
		};
/* End PBXVariantGroup section */

/* Begin XCBuildConfiguration section */
		D3B78F931A8255B2008EBD5D /* Debug */ = {
			isa = XCBuildConfiguration;
			buildSettings = {
				ALWAYS_SEARCH_USER_PATHS = NO;
				CLANG_CXX_LANGUAGE_STANDARD = "gnu++0x";
				CLANG_CXX_LIBRARY = "libc++";
				CLANG_ENABLE_MODULES = YES;
				CLANG_ENABLE_OBJC_ARC = YES;
				CLANG_WARN_BOOL_CONVERSION = YES;
				CLANG_WARN_CONSTANT_CONVERSION = YES;
				CLANG_WARN_DIRECT_OBJC_ISA_USAGE = YES_ERROR;
				CLANG_WARN_EMPTY_BODY = YES;
				CLANG_WARN_ENUM_CONVERSION = YES;
				CLANG_WARN_INT_CONVERSION = YES;
				CLANG_WARN_OBJC_ROOT_CLASS = YES_ERROR;
				CLANG_WARN_UNREACHABLE_CODE = YES;
				CLANG_WARN__DUPLICATE_METHOD_MATCH = YES;
				"CODE_SIGN_IDENTITY[sdk=iphoneos*]" = "iPhone Developer";
				COPY_PHASE_STRIP = NO;
				ENABLE_STRICT_OBJC_MSGSEND = YES;
				GCC_C_LANGUAGE_STANDARD = gnu99;
				GCC_DYNAMIC_NO_PIC = NO;
				GCC_OPTIMIZATION_LEVEL = 0;
				GCC_PREPROCESSOR_DEFINITIONS = (
					"DEBUG=1",
					"$(inherited)",
				);
				GCC_SYMBOLS_PRIVATE_EXTERN = NO;
				GCC_WARN_64_TO_32_BIT_CONVERSION = YES;
				GCC_WARN_ABOUT_RETURN_TYPE = YES_ERROR;
				GCC_WARN_UNDECLARED_SELECTOR = YES;
				GCC_WARN_UNINITIALIZED_AUTOS = YES_AGGRESSIVE;
				GCC_WARN_UNUSED_FUNCTION = YES;
				GCC_WARN_UNUSED_VARIABLE = YES;
				IPHONEOS_DEPLOYMENT_TARGET = 8.1;
				MTL_ENABLE_DEBUG_INFO = YES;
				ONLY_ACTIVE_ARCH = YES;
				SDKROOT = iphoneos;
				TARGETED_DEVICE_FAMILY = "1,2";
			};
			name = Debug;
		};
		D3B78F941A8255B2008EBD5D /* Release */ = {
			isa = XCBuildConfiguration;
			buildSettings = {
				ALWAYS_SEARCH_USER_PATHS = NO;
				CLANG_CXX_LANGUAGE_STANDARD = "gnu++0x";
				CLANG_CXX_LIBRARY = "libc++";
				CLANG_ENABLE_MODULES = YES;
				CLANG_ENABLE_OBJC_ARC = YES;
				CLANG_WARN_BOOL_CONVERSION = YES;
				CLANG_WARN_CONSTANT_CONVERSION = YES;
				CLANG_WARN_DIRECT_OBJC_ISA_USAGE = YES_ERROR;
				CLANG_WARN_EMPTY_BODY = YES;
				CLANG_WARN_ENUM_CONVERSION = YES;
				CLANG_WARN_INT_CONVERSION = YES;
				CLANG_WARN_OBJC_ROOT_CLASS = YES_ERROR;
				CLANG_WARN_UNREACHABLE_CODE = YES;
				CLANG_WARN__DUPLICATE_METHOD_MATCH = YES;
				"CODE_SIGN_IDENTITY[sdk=iphoneos*]" = "iPhone Developer";
				COPY_PHASE_STRIP = YES;
				ENABLE_NS_ASSERTIONS = NO;
				ENABLE_STRICT_OBJC_MSGSEND = YES;
				GCC_C_LANGUAGE_STANDARD = gnu99;
				GCC_WARN_64_TO_32_BIT_CONVERSION = YES;
				GCC_WARN_ABOUT_RETURN_TYPE = YES_ERROR;
				GCC_WARN_UNDECLARED_SELECTOR = YES;
				GCC_WARN_UNINITIALIZED_AUTOS = YES_AGGRESSIVE;
				GCC_WARN_UNUSED_FUNCTION = YES;
				GCC_WARN_UNUSED_VARIABLE = YES;
				IPHONEOS_DEPLOYMENT_TARGET = 8.1;
				MTL_ENABLE_DEBUG_INFO = NO;
				SDKROOT = iphoneos;
				TARGETED_DEVICE_FAMILY = "1,2";
				VALIDATE_PRODUCT = YES;
			};
			name = Release;
		};
		D3B78F961A8255B2008EBD5D /* Debug */ = {
			isa = XCBuildConfiguration;
			buildSettings = {
				ASSETCATALOG_COMPILER_APPICON_NAME = AppIcon;
				INFOPLIST_FILE = BlocBrowser/Info.plist;
				LD_RUNPATH_SEARCH_PATHS = "$(inherited) @executable_path/Frameworks";
				PRODUCT_NAME = "$(TARGET_NAME)";
			};
			name = Debug;
		};
		D3B78F971A8255B2008EBD5D /* Release */ = {
			isa = XCBuildConfiguration;
			buildSettings = {
				ASSETCATALOG_COMPILER_APPICON_NAME = AppIcon;
				INFOPLIST_FILE = BlocBrowser/Info.plist;
				LD_RUNPATH_SEARCH_PATHS = "$(inherited) @executable_path/Frameworks";
				PRODUCT_NAME = "$(TARGET_NAME)";
			};
			name = Release;
		};
		D3B78F991A8255B2008EBD5D /* Debug */ = {
			isa = XCBuildConfiguration;
			buildSettings = {
				BUNDLE_LOADER = "$(TEST_HOST)";
				FRAMEWORK_SEARCH_PATHS = (
					"$(SDKROOT)/Developer/Library/Frameworks",
					"$(inherited)",
				);
				GCC_PREPROCESSOR_DEFINITIONS = (
					"DEBUG=1",
					"$(inherited)",
				);
				INFOPLIST_FILE = BlocBrowserTests/Info.plist;
				LD_RUNPATH_SEARCH_PATHS = "$(inherited) @executable_path/Frameworks @loader_path/Frameworks";
				PRODUCT_NAME = "$(TARGET_NAME)";
				TEST_HOST = "$(BUILT_PRODUCTS_DIR)/BlocBrowser.app/BlocBrowser";
			};
			name = Debug;
		};
		D3B78F9A1A8255B2008EBD5D /* Release */ = {
			isa = XCBuildConfiguration;
			buildSettings = {
				BUNDLE_LOADER = "$(TEST_HOST)";
				FRAMEWORK_SEARCH_PATHS = (
					"$(SDKROOT)/Developer/Library/Frameworks",
					"$(inherited)",
				);
				INFOPLIST_FILE = BlocBrowserTests/Info.plist;
				LD_RUNPATH_SEARCH_PATHS = "$(inherited) @executable_path/Frameworks @loader_path/Frameworks";
				PRODUCT_NAME = "$(TARGET_NAME)";
				TEST_HOST = "$(BUILT_PRODUCTS_DIR)/BlocBrowser.app/BlocBrowser";
			};
			name = Release;
		};
/* End XCBuildConfiguration section */

/* Begin XCConfigurationList section */
		D3B78F6D1A8255B2008EBD5D /* Build configuration list for PBXProject "BlocBrowser" */ = {
			isa = XCConfigurationList;
			buildConfigurations = (
				D3B78F931A8255B2008EBD5D /* Debug */,
				D3B78F941A8255B2008EBD5D /* Release */,
			);
			defaultConfigurationIsVisible = 0;
			defaultConfigurationName = Release;
		};
		D3B78F951A8255B2008EBD5D /* Build configuration list for PBXNativeTarget "BlocBrowser" */ = {
			isa = XCConfigurationList;
			buildConfigurations = (
				D3B78F961A8255B2008EBD5D /* Debug */,
				D3B78F971A8255B2008EBD5D /* Release */,
			);
			defaultConfigurationIsVisible = 0;
			defaultConfigurationName = Release;
		};
		D3B78F981A8255B2008EBD5D /* Build configuration list for PBXNativeTarget "BlocBrowserTests" */ = {
			isa = XCConfigurationList;
			buildConfigurations = (
				D3B78F991A8255B2008EBD5D /* Debug */,
				D3B78F9A1A8255B2008EBD5D /* Release */,
			);
			defaultConfigurationIsVisible = 0;
			defaultConfigurationName = Release;
		};
/* End XCConfigurationList section */
	};
	rootObject = D3B78F6A1A8255B2008EBD5D /* Project object */;
}
